
Microsoft Visual Studio Solution File, Format Version 12.00
# Visual Studio Version 17
VisualStudioVersion = 17.11.35312.102
MinimumVisualStudioVersion = 10.0.40219.1
Project("{9A19103F-16F7-4668-BE54-9A1E7A4F7556}") = "CatharsisMod", "CatharsisMod.csproj", "{57F0622B-252D-4AFA-895D-AEE4ECD3A167}"
EndProject
Global
	GlobalSection(SolutionConfigurationPlatforms) = preSolution
		Debug|Any CPU = Debug|Any CPU
		Release|Any CPU = Release|Any CPU
	EndGlobalSection
	GlobalSection(ProjectConfigurationPlatforms) = postSolution
		{57F0622B-252D-4AFA-895D-AEE4ECD3A167}.Debug|Any CPU.ActiveCfg = Debug|Any CPU
		{57F0622B-252D-4AFA-895D-AEE4ECD3A167}.Debug|Any CPU.Build.0 = Debug|Any CPU
		{57F0622B-252D-4AFA-895D-AEE4ECD3A167}.Release|Any CPU.ActiveCfg = Release|Any CPU
		{57F0622B-252D-4AFA-895D-AEE4ECD3A167}.Release|Any CPU.Build.0 = Release|Any CPU
	EndGlobalSection
	GlobalSection(SolutionProperties) = preSolution
		HideSolutionNode = FALSE
	EndGlobalSection
	GlobalSection(ExtensibilityGlobals) = postSolution
		SolutionGuid = {A83AEDC7-2079-4813-9C3B-254224674DDE}
	EndGlobalSection
EndGlobal
